{
  "name": "familyhub",
  "version": "2.0.0",
  "lockfileVersion": 3,
  "requires": true,
  "packages": {
    "": {
      "name": "familyhub",
      "version": "2.0.0",
      "dependencies": {
        "@capacitor/android": "5.7.0",
        "@capacitor/cli": "5.7.0",
        "@capacitor/core": "5.7.0"
      }
    }
  }
}